
Microsoft Visual Studio Solution File, Format Version 12.00
# Visual Studio Version 16
VisualStudioVersion = 16.0.30907.101
MinimumVisualStudioVersion = 10.0.40219.1
Project("{9A19103F-16F7-4668-BE54-9A1E7A4F7556}") = "Moravia", "Moravia\Moravia.csproj", "{03B51D07-4DEB-4CA4-84BE-01905F35C37D}"
EndProject
Global
	GlobalSection(SolutionConfigurationPlatforms) = preSolution
		Debug|Any CPU = Debug|Any CPU
		Release|Any CPU = Release|Any CPU
	EndGlobalSection
	GlobalSection(ProjectConfigurationPlatforms) = postSolution
		{03B51D07-4DEB-4CA4-84BE-01905F35C37D}.Debug|Any CPU.ActiveCfg = Debug|Any CPU
		{03B51D07-4DEB-4CA4-84BE-01905F35C37D}.Debug|Any CPU.Build.0 = Debug|Any CPU
		{03B51D07-4DEB-4CA4-84BE-01905F35C37D}.Release|Any CPU.ActiveCfg = Release|Any CPU
		{03B51D07-4DEB-4CA4-84BE-01905F35C37D}.Release|Any CPU.Build.0 = Release|Any CPU
	EndGlobalSection
	GlobalSection(SolutionProperties) = preSolution
		HideSolutionNode = FALSE
	EndGlobalSection
	GlobalSection(ExtensibilityGlobals) = postSolution
		SolutionGuid = {BAA972FF-ED90-4D82-B3C6-A0BBC21F011C}
	EndGlobalSection
EndGlobal
